# This file is autogenerated, do not edit; changes may be undone by the next 'dep ensure'.


[[projects]]
  branch = "master"
  name = "github.com/RaveNoX/go-jsoncommentstrip"
  packages = ["."]
  revision = "3b600e52343cab9e2e1439509d69683f57787d27"

[[projects]]
  branch = "master"
  name = "github.com/juju/gnuflag"
  packages = ["."]
  revision = "2ce1bb71843d6d179b3f1c1c9cb4a72cd067fc65"

[[projects]]
  branch = "master"
  name = "github.com/spkg/bom"
  packages = ["."]
  revision = "59b7046e48ad6bac800c5e1dd5142282cbfcf154"

[solve-meta]
  analyzer-name = "dep"
  analyzer-version = 1
  inputs-digest = "3242900437b762866cbbdb8f4357ac4e4d06bb9844ce7df077850b43e5cb4862"
  solver-name = "gps-cdcl"
  solver-version = 1
